
Microsoft Visual Studio Solution File, Format Version 12.00
# Visual Studio Version 16
VisualStudioVersion = 16.0.32602.291
MinimumVisualStudioVersion = 10.0.40219.1
Project("{FAE04EC0-301F-11D3-BF4B-00C04F79EFBC}") = "lc_01", "lc_01\lc_01.csproj", "{9733AA26-1C4B-4C9A-BA2A-13110255FDBF}"
EndProject
Global
	GlobalSection(SolutionConfigurationPlatforms) = preSolution
		Debug|Any CPU = Debug|Any CPU
		Release|Any CPU = Release|Any CPU
	EndGlobalSection
	GlobalSection(ProjectConfigurationPlatforms) = postSolution
		{9733AA26-1C4B-4C9A-BA2A-13110255FDBF}.Debug|Any CPU.ActiveCfg = Debug|Any CPU
		{9733AA26-1C4B-4C9A-BA2A-13110255FDBF}.Debug|Any CPU.Build.0 = Debug|Any CPU
		{9733AA26-1C4B-4C9A-BA2A-13110255FDBF}.Release|Any CPU.ActiveCfg = Release|Any CPU
		{9733AA26-1C4B-4C9A-BA2A-13110255FDBF}.Release|Any CPU.Build.0 = Release|Any CPU
	EndGlobalSection
	GlobalSection(SolutionProperties) = preSolution
		HideSolutionNode = FALSE
	EndGlobalSection
	GlobalSection(ExtensibilityGlobals) = postSolution
		SolutionGuid = {F3EF2C33-0FDB-46E7-828D-88199E0EBC3D}
	EndGlobalSection
EndGlobal
