
Microsoft Visual Studio Solution File, Format Version 12.00
# Visual Studio Version 16
VisualStudioVersion = 16.0.32602.291
MinimumVisualStudioVersion = 10.0.40219.1
Project("{FAE04EC0-301F-11D3-BF4B-00C04F79EFBC}") = "lc_04", "lc_04\lc_04.csproj", "{491D519D-4BBD-4047-A70E-6A7C234725AF}"
EndProject
Global
	GlobalSection(SolutionConfigurationPlatforms) = preSolution
		Debug|Any CPU = Debug|Any CPU
		Release|Any CPU = Release|Any CPU
	EndGlobalSection
	GlobalSection(ProjectConfigurationPlatforms) = postSolution
		{491D519D-4BBD-4047-A70E-6A7C234725AF}.Debug|Any CPU.ActiveCfg = Debug|Any CPU
		{491D519D-4BBD-4047-A70E-6A7C234725AF}.Debug|Any CPU.Build.0 = Debug|Any CPU
		{491D519D-4BBD-4047-A70E-6A7C234725AF}.Release|Any CPU.ActiveCfg = Release|Any CPU
		{491D519D-4BBD-4047-A70E-6A7C234725AF}.Release|Any CPU.Build.0 = Release|Any CPU
	EndGlobalSection
	GlobalSection(SolutionProperties) = preSolution
		HideSolutionNode = FALSE
	EndGlobalSection
	GlobalSection(ExtensibilityGlobals) = postSolution
		SolutionGuid = {4BDCE067-DAF1-44E8-967B-85B593C7BA63}
	EndGlobalSection
EndGlobal
